// !$*UTF8*$!
{
	archiveVersion = 1;
	classes = {
	};
	objectVersion = 56;
	objects = {

/* Begin PBXBuildFile section */
		66F033BF2BB6ED43008F99C8 /* BJDemoApp1App.swift in Sources */ = {isa = PBXBuildFile; fileRef = 66F033BE2BB6ED43008F99C8 /* BJDemoApp1App.swift */; };
		66F033C12BB6ED43008F99C8 /* ContentView.swift in Sources */ = {isa = PBXBuildFile; fileRef = 66F033C02BB6ED43008F99C8 /* ContentView.swift */; };
		66F033C32BB6ED44008F99C8 /* Assets.xcassets in Resources */ = {isa = PBXBuildFile; fileRef = 66F033C22BB6ED44008F99C8 /* Assets.xcassets */; };
		66F033C62BB6ED44008F99C8 /* Preview Assets.xcassets in Resources */ = {isa = PBXBuildFile; fileRef = 66F033C52BB6ED44008F99C8 /* Preview Assets.xcassets */; };
		66F033D12BB6ED44008F99C8 /* BJDemoApp1Tests.swift in Sources */ = {isa = PBXBuildFile; fileRef = 66F033D02BB6ED44008F99C8 /* BJDemoApp1Tests.swift */; };
		66F033DB2BB6ED44008F99C8 /* BJDemoApp1UITests.swift in Sources */ = {isa = PBXBuildFile; fileRef = 66F033DA2BB6ED44008F99C8 /* BJDemoApp1UITests.swift */; };
		66F033DD2BB6ED44008F99C8 /* BJDemoApp1UITestsLaunchTests.swift in Sources */ = {isa = PBXBuildFile; fileRef = 66F033DC2BB6ED44008F99C8 /* BJDemoApp1UITestsLaunchTests.swift */; };
/* End PBXBuildFile section */

/* Begin PBXContainerItemProxy section */
		66F033CD2BB6ED44008F99C8 /* PBXContainerItemProxy */ = {
			isa = PBXContainerItemProxy;
			containerPortal = 66F033B32BB6ED43008F99C8 /* Project object */;
			proxyType = 1;
			remoteGlobalIDString = 66F033BA2BB6ED43008F99C8;
			remoteInfo = BJDemoApp1;
		};
		66F033D72BB6ED44008F99C8 /* PBXContainerItemProxy */ = {
			isa = PBXContainerItemProxy;
			containerPortal = 66F033B32BB6ED43008F99C8 /* Project object */;
			proxyType = 1;
			remoteGlobalIDString = 66F033BA2BB6ED43008F99C8;
			remoteInfo = BJDemoApp1;
		};
/* End PBXContainerItemProxy section */

/* Begin PBXFileReference section */
		66F033BB2BB6ED43008F99C8 /* BJDemoApp1.app */ = {isa = PBXFileReference; explicitFileType = wrapper.application; includeInIndex = 0; path = BJDemoApp1.app; sourceTree = BUILT_PRODUCTS_DIR; };
		66F033BE2BB6ED43008F99C8 /* BJDemoApp1App.swift */ = {isa = PBXFileReference; lastKnownFileType = sourcecode.swift; path = BJDemoApp1App.swift; sourceTree = "<group>"; };
		66F033C02BB6ED43008F99C8 /* ContentView.swift */ = {isa = PBXFileReference; lastKnownFileType = sourcecode.swift; path = ContentView.swift; sourceTree = "<group>"; };
		66F033C22BB6ED44008F99C8 /* Assets.xcassets */ = {isa = PBXFileReference; lastKnownFileType = folder.assetcatalog; path = Assets.xcassets; sourceTree = "<group>"; };
		66F033C52BB6ED44008F99C8 /* Preview Assets.xcassets */ = {isa = PBXFileReference; lastKnownFileType = folder.assetcatalog; path = "Preview Assets.xcassets"; sourceTree = "<group>"; };
		66F033C72BB6ED44008F99C8 /* BJDemoApp1.entitlements */ = {isa = PBXFileReference; lastKnownFileType = text.plist.entitlements; path = BJDemoApp1.entitlements; sourceTree = "<group>"; };
		66F033CC2BB6ED44008F99C8 /* BJDemoApp1Tests.xctest */ = {isa = PBXFileReference; explicitFileType = wrapper.cfbundle; includeInIndex = 0; path = BJDemoApp1Tests.xctest; sourceTree = BUILT_PRODUCTS_DIR; };
		66F033D02BB6ED44008F99C8 /* BJDemoApp1Tests.swift */ = {isa = PBXFileReference; lastKnownFileType = sourcecode.swift; path = BJDemoApp1Tests.swift; sourceTree = "<group>"; };
		66F033D62BB6ED44008F99C8 /* BJDemoApp1UITests.xctest */ = {isa = PBXFileReference; explicitFileType = wrapper.cfbundle; includeInIndex = 0; path = BJDemoApp1UITests.xctest; sourceTree = BUILT_PRODUCTS_DIR; };
		66F033DA2BB6ED44008F99C8 /* BJDemoApp1UITests.swift */ = {isa = PBXFileReference; lastKnownFileType = sourcecode.swift; path = BJDemoApp1UITests.swift; sourceTree = "<group>"; };
		66F033DC2BB6ED44008F99C8 /* BJDemoApp1UITestsLaunchTests.swift */ = {isa = PBXFileReference; lastKnownFileType = sourcecode.swift; path = BJDemoApp1UITestsLaunchTests.swift; sourceTree = "<group>"; };
/* End PBXFileReference section */

/* Begin PBXFrameworksBuildPhase section */
		66F033B82BB6ED43008F99C8 /* Frameworks */ = {
			isa = PBXFrameworksBuildPhase;
			buildActionMask = 2147483647;
			files = (
			);
			runOnlyForDeploymentPostprocessing = 0;
		};
		66F033C92BB6ED44008F99C8 /* Frameworks */ = {
			isa = PBXFrameworksBuildPhase;
			buildActionMask = 2147483647;
			files = (
			);
			runOnlyForDeploymentPostprocessing = 0;
		};
		66F033D32BB6ED44008F99C8 /* Frameworks */ = {
			isa = PBXFrameworksBuildPhase;
			buildActionMask = 2147483647;
			files = (
			);
			runOnlyForDeploymentPostprocessing = 0;
		};
/* End PBXFrameworksBuildPhase section */

/* Begin PBXGroup section */
		66F033B22BB6ED43008F99C8 = {
			isa = PBXGroup;
			children = (
				66F033BD2BB6ED43008F99C8 /* BJDemoApp1 */,
				66F033CF2BB6ED44008F99C8 /* BJDemoApp1Tests */,
				66F033D92BB6ED44008F99C8 /* BJDemoApp1UITests */,
				66F033BC2BB6ED43008F99C8 /* Products */,
			);
			sourceTree = "<group>";
		};
		66F033BC2BB6ED43008F99C8 /* Products */ = {
			isa = PBXGroup;
			children = (
				66F033BB2BB6ED43008F99C8 /* BJDemoApp1.app */,
				66F033CC2BB6ED44008F99C8 /* BJDemoApp1Tests.xctest */,
				66F033D62BB6ED44008F99C8 /* BJDemoApp1UITests.xctest */,
			);
			name = Products;
			sourceTree = "<group>";
		};
		66F033BD2BB6ED43008F99C8 /* BJDemoApp1 */ = {
			isa = PBXGroup;
			children = (
				66F033BE2BB6ED43008F99C8 /* BJDemoApp1App.swift */,
				66F033C02BB6ED43008F99C8 /* ContentView.swift */,
				66F033C22BB6ED44008F99C8 /* Assets.xcassets */,
				66F033C72BB6ED44008F99C8 /* BJDemoApp1.entitlements */,
				66F033C42BB6ED44008F99C8 /* Preview Content */,
			);
			path = BJDemoApp1;
			sourceTree = "<group>";
		};
		66F033C42BB6ED44008F99C8 /* Preview Content */ = {
			isa = PBXGroup;
			children = (
				66F033C52BB6ED44008F99C8 /* Preview Assets.xcassets */,
			);
			path = "Preview Content";
			sourceTree = "<group>";
		};
		66F033CF2BB6ED44008F99C8 /* BJDemoApp1Tests */ = {
			isa = PBXGroup;
			children = (
				66F033D02BB6ED44008F99C8 /* BJDemoApp1Tests.swift */,
			);
			path = BJDemoApp1Tests;
			sourceTree = "<group>";
		};
		66F033D92BB6ED44008F99C8 /* BJDemoApp1UITests */ = {
			isa = PBXGroup;
			children = (
				66F033DA2BB6ED44008F99C8 /* BJDemoApp1UITests.swift */,
				66F033DC2BB6ED44008F99C8 /* BJDemoApp1UITestsLaunchTests.swift */,
			);
			path = BJDemoApp1UITests;
			sourceTree = "<group>";
		};
/* End PBXGroup section */

/* Begin PBXNativeTarget section */
		66F033BA2BB6ED43008F99C8 /* BJDemoApp1 */ = {
			isa = PBXNativeTarget;
			buildConfigurationList = 66F033E02BB6ED44008F99C8 /* Build configuration list for PBXNativeTarget "BJDemoApp1" */;
			buildPhases = (
				66F033B72BB6ED43008F99C8 /* Sources */,
				66F033B82BB6ED43008F99C8 /* Frameworks */,
				66F033B92BB6ED43008F99C8 /* Resources */,
			);
			buildRules = (
			);
			dependencies = (
			);
			name = BJDemoApp1;
			productName = BJDemoApp1;
			productReference = 66F033BB2BB6ED43008F99C8 /* BJDemoApp1.app */;
			productType = "com.apple.product-type.application";
		};
		66F033CB2BB6ED44008F99C8 /* BJDemoApp1Tests */ = {
			isa = PBXNativeTarget;
			buildConfigurationList = 66F033E32BB6ED44008F99C8 /* Build configuration list for PBXNativeTarget "BJDemoApp1Tests" */;
			buildPhases = (
				66F033C82BB6ED44008F99C8 /* Sources */,
				66F033C92BB6ED44008F99C8 /* Frameworks */,
				66F033CA2BB6ED44008F99C8 /* Resources */,
			);
			buildRules = (
			);
			dependencies = (
				66F033CE2BB6ED44008F99C8 /* PBXTargetDependency */,
			);
			name = BJDemoApp1Tests;
			productName = BJDemoApp1Tests;
			productReference = 66F033CC2BB6ED44008F99C8 /* BJDemoApp1Tests.xctest */;
			productType = "com.apple.product-type.bundle.unit-test";
		};
		66F033D52BB6ED44008F99C8 /* BJDemoApp1UITests */ = {
			isa = PBXNativeTarget;
			buildConfigurationList = 66F033E62BB6ED44008F99C8 /* Build configuration list for PBXNativeTarget "BJDemoApp1UITests" */;
			buildPhases = (
				66F033D22BB6ED44008F99C8 /* Sources */,
				66F033D32BB6ED44008F99C8 /* Frameworks */,
				66F033D42BB6ED44008F99C8 /* Resources */,
			);
			buildRules = (
			);
			dependencies = (
				66F033D82BB6ED44008F99C8 /* PBXTargetDependency */,
			);
			name = BJDemoApp1UITests;
			productName = BJDemoApp1UITests;
			productReference = 66F033D62BB6ED44008F99C8 /* BJDemoApp1UITests.xctest */;
			productType = "com.apple.product-type.bundle.ui-testing";
		};
/* End PBXNativeTarget section */

/* Begin PBXProject section */
		66F033B32BB6ED43008F99C8 /* Project object */ = {
			isa = PBXProject;
			attributes = {
				BuildIndependentTargetsInParallel = 1;
				LastSwiftUpdateCheck = 1520;
				LastUpgradeCheck = 1520;
				TargetAttributes = {
					66F033BA2BB6ED43008F99C8 = {
						CreatedOnToolsVersion = 15.2;
					};
					66F033CB2BB6ED44008F99C8 = {
						CreatedOnToolsVersion = 15.2;
						TestTargetID = 66F033BA2BB6ED43008F99C8;
					};
					66F033D52BB6ED44008F99C8 = {
						CreatedOnToolsVersion = 15.2;
						TestTargetID = 66F033BA2BB6ED43008F99C8;
					};
				};
			};
			buildConfigurationList = 66F033B62BB6ED43008F99C8 /* Build configuration list for PBXProject "BJDemoApp1" */;
			compatibilityVersion = "Xcode 14.0";
			developmentRegion = en;
			hasScannedForEncodings = 0;
			knownRegions = (
				en,
				Base,
			);
			mainGroup = 66F033B22BB6ED43008F99C8;
			productRefGroup = 66F033BC2BB6ED43008F99C8 /* Products */;
			projectDirPath = "";
			projectRoot = "";
			targets = (
				66F033BA2BB6ED43008F99C8 /* BJDemoApp1 */,
				66F033CB2BB6ED44008F99C8 /* BJDemoApp1Tests */,
				66F033D52BB6ED44008F99C8 /* BJDemoApp1UITests */,
			);
		};
/* End PBXProject section */

/* Begin PBXResourcesBuildPhase section */
		66F033B92BB6ED43008F99C8 /* Resources */ = {
			isa = PBXResourcesBuildPhase;
			buildActionMask = 2147483647;
			files = (
				66F033C62BB6ED44008F99C8 /* Preview Assets.xcassets in Resources */,
				66F033C32BB6ED44008F99C8 /* Assets.xcassets in Resources */,
			);
			runOnlyForDeploymentPostprocessing = 0;
		};
		66F033CA2BB6ED44008F99C8 /* Resources */ = {
			isa = PBXResourcesBuildPhase;
			buildActionMask = 2147483647;
			files = (
			);
			runOnlyForDeploymentPostprocessing = 0;
		};
		66F033D42BB6ED44008F99C8 /* Resources */ = {
			isa = PBXResourcesBuildPhase;
			buildActionMask = 2147483647;
			files = (
			);
			runOnlyForDeploymentPostprocessing = 0;
		};
/* End PBXResourcesBuildPhase section */

/* Begin PBXSourcesBuildPhase section */
		66F033B72BB6ED43008F99C8 /* Sources */ = {
			isa = PBXSourcesBuildPhase;
			buildActionMask = 2147483647;
			files = (
				66F033C12BB6ED43008F99C8 /* ContentView.swift in Sources */,
				66F033BF2BB6ED43008F99C8 /* BJDemoApp1App.swift in Sources */,
			);
			runOnlyForDeploymentPostprocessing = 0;
		};
		66F033C82BB6ED44008F99C8 /* Sources */ = {
			isa = PBXSourcesBuildPhase;
			buildActionMask = 2147483647;
			files = (
				66F033D12BB6ED44008F99C8 /* BJDemoApp1Tests.swift in Sources */,
			);
			runOnlyForDeploymentPostprocessing = 0;
		};
		66F033D22BB6ED44008F99C8 /* Sources */ = {
			isa = PBXSourcesBuildPhase;
			buildActionMask = 2147483647;
			files = (
				66F033DB2BB6ED44008F99C8 /* BJDemoApp1UITests.swift in Sources */,
				66F033DD2BB6ED44008F99C8 /* BJDemoApp1UITestsLaunchTests.swift in Sources */,
			);
			runOnlyForDeploymentPostprocessing = 0;
		};
/* End PBXSourcesBuildPhase section */

/* Begin PBXTargetDependency section */
		66F033CE2BB6ED44008F99C8 /* PBXTargetDependency */ = {
			isa = PBXTargetDependency;
			target = 66F033BA2BB6ED43008F99C8 /* BJDemoApp1 */;
			targetProxy = 66F033CD2BB6ED44008F99C8 /* PBXContainerItemProxy */;
		};
		66F033D82BB6ED44008F99C8 /* PBXTargetDependency */ = {
			isa = PBXTargetDependency;
			target = 66F033BA2BB6ED43008F99C8 /* BJDemoApp1 */;
			targetProxy = 66F033D72BB6ED44008F99C8 /* PBXContainerItemProxy */;
		};
/* End PBXTargetDependency section */

/* Begin XCBuildConfiguration section */
		66F033DE2BB6ED44008F99C8 /* Debug */ = {
			isa = XCBuildConfiguration;
			buildSettings = {
				ALWAYS_SEARCH_USER_PATHS = NO;
				ASSETCATALOG_COMPILER_GENERATE_SWIFT_ASSET_SYMBOL_EXTENSIONS = YES;
				CLANG_ANALYZER_NONNULL = YES;
				CLANG_ANALYZER_NUMBER_OBJECT_CONVERSION = YES_AGGRESSIVE;
				CLANG_CXX_LANGUAGE_STANDARD = "gnu++20";
				CLANG_ENABLE_MODULES = YES;
				CLANG_ENABLE_OBJC_ARC = YES;
				CLANG_ENABLE_OBJC_WEAK = YES;
				CLANG_WARN_BLOCK_CAPTURE_AUTORELEASING = YES;
				CLANG_WARN_BOOL_CONVERSION = YES;
				CLANG_WARN_COMMA = YES;
				CLANG_WARN_CONSTANT_CONVERSION = YES;
				CLANG_WARN_DEPRECATED_OBJC_IMPLEMENTATIONS = YES;
				CLANG_WARN_DIRECT_OBJC_ISA_USAGE = YES_ERROR;
				CLANG_WARN_DOCUMENTATION_COMMENTS = YES;
				CLANG_WARN_EMPTY_BODY = YES;
				CLANG_WARN_ENUM_CONVERSION = YES;
				CLANG_WARN_INFINITE_RECURSION = YES;
				CLANG_WARN_INT_CONVERSION = YES;
				CLANG_WARN_NON_LITERAL_NULL_CONVERSION = YES;
				CLANG_WARN_OBJC_IMPLICIT_RETAIN_SELF = YES;
				CLANG_WARN_OBJC_LITERAL_CONVERSION = YES;
				CLANG_WARN_OBJC_ROOT_CLASS = YES_ERROR;
				CLANG_WARN_QUOTED_INCLUDE_IN_FRAMEWORK_HEADER = YES;
				CLANG_WARN_RANGE_LOOP_ANALYSIS = YES;
				CLANG_WARN_STRICT_PROTOTYPES = YES;
				CLANG_WARN_SUSPICIOUS_MOVE = YES;
				CLANG_WARN_UNGUARDED_AVAILABILITY = YES_AGGRESSIVE;
				CLANG_WARN_UNREACHABLE_CODE = YES;
				CLANG_WARN__DUPLICATE_METHOD_MATCH = YES;
				COPY_PHASE_STRIP = NO;
				DEBUG_INFORMATION_FORMAT = dwarf;
				ENABLE_STRICT_OBJC_MSGSEND = YES;
				ENABLE_TESTABILITY = YES;
				ENABLE_USER_SCRIPT_SANDBOXING = YES;
				GCC_C_LANGUAGE_STANDARD = gnu17;
				GCC_DYNAMIC_NO_PIC = NO;
				GCC_NO_COMMON_BLOCKS = YES;
				GCC_OPTIMIZATION_LEVEL = 0;
				GCC_PREPROCESSOR_DEFINITIONS = (
					"DEBUG=1",
					"$(inherited)",
				);
				GCC_WARN_64_TO_32_BIT_CONVERSION = YES;
				GCC_WARN_ABOUT_RETURN_TYPE = YES_ERROR;
				GCC_WARN_UNDECLARED_SELECTOR = YES;
				GCC_WARN_UNINITIALIZED_AUTOS = YES_AGGRESSIVE;
				GCC_WARN_UNUSED_FUNCTION = YES;
				GCC_WARN_UNUSED_VARIABLE = YES;
				LOCALIZATION_PREFERS_STRING_CATALOGS = YES;
				MACOSX_DEPLOYMENT_TARGET = 14.2;
				MTL_ENABLE_DEBUG_INFO = INCLUDE_SOURCE;
				MTL_FAST_MATH = YES;
				ONLY_ACTIVE_ARCH = YES;
				SDKROOT = macosx;
				SWIFT_ACTIVE_COMPILATION_CONDITIONS = "DEBUG $(inherited)";
				SWIFT_OPTIMIZATION_LEVEL = "-Onone";
			};
			name = Debug;
		};
		66F033DF2BB6ED44008F99C8 /* Release */ = {
			isa = XCBuildConfiguration;
			buildSettings = {
				ALWAYS_SEARCH_USER_PATHS = NO;
				ASSETCATALOG_COMPILER_GENERATE_SWIFT_ASSET_SYMBOL_EXTENSIONS = YES;
				CLANG_ANALYZER_NONNULL = YES;
				CLANG_ANALYZER_NUMBER_OBJECT_CONVERSION = YES_AGGRESSIVE;
				CLANG_CXX_LANGUAGE_STANDARD = "gnu++20";
				CLANG_ENABLE_MODULES = YES;
				CLANG_ENABLE_OBJC_ARC = YES;
				CLANG_ENABLE_OBJC_WEAK = YES;
				CLANG_WARN_BLOCK_CAPTURE_AUTORELEASING = YES;
				CLANG_WARN_BOOL_CONVERSION = YES;
				CLANG_WARN_COMMA = YES;
				CLANG_WARN_CONSTANT_CONVERSION = YES;
				CLANG_WARN_DEPRECATED_OBJC_IMPLEMENTATIONS = YES;
				CLANG_WARN_DIRECT_OBJC_ISA_USAGE = YES_ERROR;
				CLANG_WARN_DOCUMENTATION_COMMENTS = YES;
				CLANG_WARN_EMPTY_BODY = YES;
				CLANG_WARN_ENUM_CONVERSION = YES;
				CLANG_WARN_INFINITE_RECURSION = YES;
				CLANG_WARN_INT_CONVERSION = YES;
				CLANG_WARN_NON_LITERAL_NULL_CONVERSION = YES;
				CLANG_WARN_OBJC_IMPLICIT_RETAIN_SELF = YES;
				CLANG_WARN_OBJC_LITERAL_CONVERSION = YES;
				CLANG_WARN_OBJC_ROOT_CLASS = YES_ERROR;
				CLANG_WARN_QUOTED_INCLUDE_IN_FRAMEWORK_HEADER = YES;
				CLANG_WARN_RANGE_LOOP_ANALYSIS = YES;
				CLANG_WARN_STRICT_PROTOTYPES = YES;
				CLANG_WARN_SUSPICIOUS_MOVE = YES;
				CLANG_WARN_UNGUARDED_AVAILABILITY = YES_AGGRESSIVE;
				CLANG_WARN_UNREACHABLE_CODE = YES;
				CLANG_WARN__DUPLICATE_METHOD_MATCH = YES;
				COPY_PHASE_STRIP = NO;
				DEBUG_INFORMATION_FORMAT = "dwarf-with-dsym";
				ENABLE_NS_ASSERTIONS = NO;
				ENABLE_STRICT_OBJC_MSGSEND = YES;
				ENABLE_USER_SCRIPT_SANDBOXING = YES;
				GCC_C_LANGUAGE_STANDARD = gnu17;
				GCC_NO_COMMON_BLOCKS = YES;
				GCC_WARN_64_TO_32_BIT_CONVERSION = YES;
				GCC_WARN_ABOUT_RETURN_TYPE = YES_ERROR;
				GCC_WARN_UNDECLARED_SELECTOR = YES;
				GCC_WARN_UNINITIALIZED_AUTOS = YES_AGGRESSIVE;
				GCC_WARN_UNUSED_FUNCTION = YES;
				GCC_WARN_UNUSED_VARIABLE = YES;
				LOCALIZATION_PREFERS_STRING_CATALOGS = YES;
				MACOSX_DEPLOYMENT_TARGET = 14.2;
				MTL_ENABLE_DEBUG_INFO = NO;
				MTL_FAST_MATH = YES;
				SDKROOT = macosx;
				SWIFT_COMPILATION_MODE = wholemodule;
			};
			name = Release;
		};
		66F033E12BB6ED44008F99C8 /* Debug */ = {
			isa = XCBuildConfiguration;
			buildSettings = {
				ASSETCATALOG_COMPILER_APPICON_NAME = AppIcon;
				ASSETCATALOG_COMPILER_GLOBAL_ACCENT_COLOR_NAME = AccentColor;
				CODE_SIGN_ENTITLEMENTS = BJDemoApp1/BJDemoApp1.entitlements;
				"CODE_SIGN_IDENTITY[sdk=macosx*]" = "Mac Developer";
				CODE_SIGN_STYLE = Manual;
				COMBINE_HIDPI_IMAGES = YES;
				CURRENT_PROJECT_VERSION = 1;
				DEVELOPMENT_ASSET_PATHS = "\"BJDemoApp1/Preview Content\"";
				DEVELOPMENT_TEAM = "";
				"DEVELOPMENT_TEAM[sdk=macosx*]" = 64KDUQCYEB;
				ENABLE_HARDENED_RUNTIME = YES;
				ENABLE_PREVIEWS = YES;
				GENERATE_INFOPLIST_FILE = YES;
				INFOPLIST_KEY_NSHumanReadableCopyright = "";
				LD_RUNPATH_SEARCH_PATHS = (
					"$(inherited)",
					"@executable_path/../Frameworks",
				);
				MARKETING_VERSION = 1.0;
				PRODUCT_BUNDLE_IDENTIFIER = com.wangyong2.BJDemoApp1;
				PRODUCT_NAME = "$(TARGET_NAME)";
				PROVISIONING_PROFILE_SPECIFIER = "";
				"PROVISIONING_PROFILE_SPECIFIER[sdk=macosx*]" = BJDemo1;
				SWIFT_EMIT_LOC_STRINGS = YES;
				SWIFT_VERSION = 5.0;
			};
			name = Debug;
		};
		66F033E22BB6ED44008F99C8 /* Release */ = {
			isa = XCBuildConfiguration;
			buildSettings = {
				ASSETCATALOG_COMPILER_APPICON_NAME = AppIcon;
				ASSETCATALOG_COMPILER_GLOBAL_ACCENT_COLOR_NAME = AccentColor;
				CODE_SIGN_ENTITLEMENTS = BJDemoApp1/BJDemoApp1.entitlements;
				"CODE_SIGN_IDENTITY[sdk=macosx*]" = "Mac Developer";
				CODE_SIGN_STYLE = Manual;
				COMBINE_HIDPI_IMAGES = YES;
				CURRENT_PROJECT_VERSION = 1;
				DEVELOPMENT_ASSET_PATHS = "\"BJDemoApp1/Preview Content\"";
				DEVELOPMENT_TEAM = "";
				"DEVELOPMENT_TEAM[sdk=macosx*]" = 64KDUQCYEB;
				ENABLE_HARDENED_RUNTIME = YES;
				ENABLE_PREVIEWS = YES;
				GENERATE_INFOPLIST_FILE = YES;
				INFOPLIST_KEY_NSHumanReadableCopyright = "";
				LD_RUNPATH_SEARCH_PATHS = (
					"$(inherited)",
					"@executable_path/../Frameworks",
				);
				MARKETING_VERSION = 1.0;
				PRODUCT_BUNDLE_IDENTIFIER = com.wangyong2.BJDemoApp1;
				PRODUCT_NAME = "$(TARGET_NAME)";
				PROVISIONING_PROFILE_SPECIFIER = "";
				"PROVISIONING_PROFILE_SPECIFIER[sdk=macosx*]" = BJDemo1;
				SWIFT_EMIT_LOC_STRINGS = YES;
				SWIFT_VERSION = 5.0;
			};
			name = Release;
		};
		66F033E42BB6ED44008F99C8 /* Debug */ = {
			isa = XCBuildConfiguration;
			buildSettings = {
				ALWAYS_EMBED_SWIFT_STANDARD_LIBRARIES = YES;
				BUNDLE_LOADER = "$(TEST_HOST)";
				CODE_SIGN_STYLE = Automatic;
				CURRENT_PROJECT_VERSION = 1;
				DEVELOPMENT_TEAM = 64KDUQCYEB;
				GENERATE_INFOPLIST_FILE = YES;
				MACOSX_DEPLOYMENT_TARGET = 14.2;
				MARKETING_VERSION = 1.0;
				PRODUCT_BUNDLE_IDENTIFIER = com.wangyong2.BJDemoApp1Tests;
				PRODUCT_NAME = "$(TARGET_NAME)";
				SWIFT_EMIT_LOC_STRINGS = NO;
				SWIFT_VERSION = 5.0;
				TEST_HOST = "$(BUILT_PRODUCTS_DIR)/BJDemoApp1.app/$(BUNDLE_EXECUTABLE_FOLDER_PATH)/BJDemoApp1";
			};
			name = Debug;
		};
		66F033E52BB6ED44008F99C8 /* Release */ = {
			isa = XCBuildConfiguration;
			buildSettings = {
				ALWAYS_EMBED_SWIFT_STANDARD_LIBRARIES = YES;
				BUNDLE_LOADER = "$(TEST_HOST)";
				CODE_SIGN_STYLE = Automatic;
				CURRENT_PROJECT_VERSION = 1;
				DEVELOPMENT_TEAM = 64KDUQCYEB;
				GENERATE_INFOPLIST_FILE = YES;
				MACOSX_DEPLOYMENT_TARGET = 14.2;
				MARKETING_VERSION = 1.0;
				PRODUCT_BUNDLE_IDENTIFIER = com.wangyong2.BJDemoApp1Tests;
				PRODUCT_NAME = "$(TARGET_NAME)";
				SWIFT_EMIT_LOC_STRINGS = NO;
				SWIFT_VERSION = 5.0;
				TEST_HOST = "$(BUILT_PRODUCTS_DIR)/BJDemoApp1.app/$(BUNDLE_EXECUTABLE_FOLDER_PATH)/BJDemoApp1";
			};
			name = Release;
		};
		66F033E72BB6ED44008F99C8 /* Debug */ = {
			isa = XCBuildConfiguration;
			buildSettings = {
				ALWAYS_EMBED_SWIFT_STANDARD_LIBRARIES = YES;
				CODE_SIGN_STYLE = Automatic;
				CURRENT_PROJECT_VERSION = 1;
				DEVELOPMENT_TEAM = 64KDUQCYEB;
				GENERATE_INFOPLIST_FILE = YES;
				MARKETING_VERSION = 1.0;
				PRODUCT_BUNDLE_IDENTIFIER = com.wangyong2.BJDemoApp1UITests;
				PRODUCT_NAME = "$(TARGET_NAME)";
				SWIFT_EMIT_LOC_STRINGS = NO;
				SWIFT_VERSION = 5.0;
				TEST_TARGET_NAME = BJDemoApp1;
			};
			name = Debug;
		};
		66F033E82BB6ED44008F99C8 /* Release */ = {
			isa = XCBuildConfiguration;
			buildSettings = {
				ALWAYS_EMBED_SWIFT_STANDARD_LIBRARIES = YES;
				CODE_SIGN_STYLE = Automatic;
				CURRENT_PROJECT_VERSION = 1;
				DEVELOPMENT_TEAM = 64KDUQCYEB;
				GENERATE_INFOPLIST_FILE = YES;
				MARKETING_VERSION = 1.0;
				PRODUCT_BUNDLE_IDENTIFIER = com.wangyong2.BJDemoApp1UITests;
				PRODUCT_NAME = "$(TARGET_NAME)";
				SWIFT_EMIT_LOC_STRINGS = NO;
				SWIFT_VERSION = 5.0;
				TEST_TARGET_NAME = BJDemoApp1;
			};
			name = Release;
		};
/* End XCBuildConfiguration section */

/* Begin XCConfigurationList section */
		66F033B62BB6ED43008F99C8 /* Build configuration list for PBXProject "BJDemoApp1" */ = {
			isa = XCConfigurationList;
			buildConfigurations = (
				66F033DE2BB6ED44008F99C8 /* Debug */,
				66F033DF2BB6ED44008F99C8 /* Release */,
			);
			defaultConfigurationIsVisible = 0;
			defaultConfigurationName = Release;
		};
		66F033E02BB6ED44008F99C8 /* Build configuration list for PBXNativeTarget "BJDemoApp1" */ = {
			isa = XCConfigurationList;
			buildConfigurations = (
				66F033E12BB6ED44008F99C8 /* Debug */,
				66F033E22BB6ED44008F99C8 /* Release */,
			);
			defaultConfigurationIsVisible = 0;
			defaultConfigurationName = Release;
		};
		66F033E32BB6ED44008F99C8 /* Build configuration list for PBXNativeTarget "BJDemoApp1Tests" */ = {
			isa = XCConfigurationList;
			buildConfigurations = (
				66F033E42BB6ED44008F99C8 /* Debug */,
				66F033E52BB6ED44008F99C8 /* Release */,
			);
			defaultConfigurationIsVisible = 0;
			defaultConfigurationName = Release;
		};
		66F033E62BB6ED44008F99C8 /* Build configuration list for PBXNativeTarget "BJDemoApp1UITests" */ = {
			isa = XCConfigurationList;
			buildConfigurations = (
				66F033E72BB6ED44008F99C8 /* Debug */,
				66F033E82BB6ED44008F99C8 /* Release */,
			);
			defaultConfigurationIsVisible = 0;
			defaultConfigurationName = Release;
		};
/* End XCConfigurationList section */
	};
	rootObject = 66F033B32BB6ED43008F99C8 /* Project object */;
}
